// !$*UTF8*$!
{
	archiveVersion = 1;
	classes = {
	};
	objectVersion = 48;
	objects = {

/* Begin PBXBuildFile section */
		83E0C2152016B78800DD7BDF /* AppDelegate.swift in Sources */ = {isa = PBXBuildFile; fileRef = 83E0C2142016B78800DD7BDF /* AppDelegate.swift */; };
		83E0C2172016B78800DD7BDF /* ViewController.swift in Sources */ = {isa = PBXBuildFile; fileRef = 83E0C2162016B78800DD7BDF /* ViewController.swift */; };
		83E0C21A2016B78800DD7BDF /* Main.storyboard in Resources */ = {isa = PBXBuildFile; fileRef = 83E0C2182016B78800DD7BDF /* Main.storyboard */; };
		83E0C21C2016B78800DD7BDF /* Assets.xcassets in Resources */ = {isa = PBXBuildFile; fileRef = 83E0C21B2016B78800DD7BDF /* Assets.xcassets */; };
		83E0C21F2016B78800DD7BDF /* LaunchScreen.storyboard in Resources */ = {isa = PBXBuildFile; fileRef = 83E0C21D2016B78800DD7BDF /* LaunchScreen.storyboard */; };
		83E0C2272016BC3B00DD7BDF /* Game.swift in Sources */ = {isa = PBXBuildFile; fileRef = 83E0C2262016BC3B00DD7BDF /* Game.swift */; };
/* End PBXBuildFile section */

/* Begin PBXFileReference section */
		83E0C2112016B78800DD7BDF /* SingleResponsibilityPrinciple.app */ = {isa = PBXFileReference; explicitFileType = wrapper.application; includeInIndex = 0; path = SingleResponsibilityPrinciple.app; sourceTree = BUILT_PRODUCTS_DIR; };
		83E0C2142016B78800DD7BDF /* AppDelegate.swift */ = {isa = PBXFileReference; lastKnownFileType = sourcecode.swift; path = AppDelegate.swift; sourceTree = "<group>"; };
		83E0C2162016B78800DD7BDF /* ViewController.swift */ = {isa = PBXFileReference; lastKnownFileType = sourcecode.swift; path = ViewController.swift; sourceTree = "<group>"; };
		83E0C2192016B78800DD7BDF /* Base */ = {isa = PBXFileReference; lastKnownFileType = file.storyboard; name = Base; path = Base.lproj/Main.storyboard; sourceTree = "<group>"; };
		83E0C21B2016B78800DD7BDF /* Assets.xcassets */ = {isa = PBXFileReference; lastKnownFileType = folder.assetcatalog; path = Assets.xcassets; sourceTree = "<group>"; };
		83E0C21E2016B78800DD7BDF /* Base */ = {isa = PBXFileReference; lastKnownFileType = file.storyboard; name = Base; path = Base.lproj/LaunchScreen.storyboard; sourceTree = "<group>"; };
		83E0C2202016B78800DD7BDF /* Info.plist */ = {isa = PBXFileReference; lastKnownFileType = text.plist.xml; path = Info.plist; sourceTree = "<group>"; };
		83E0C2262016BC3B00DD7BDF /* Game.swift */ = {isa = PBXFileReference; lastKnownFileType = sourcecode.swift; path = Game.swift; sourceTree = "<group>"; };
/* End PBXFileReference section */

/* Begin PBXFrameworksBuildPhase section */
		83E0C20E2016B78800DD7BDF /* Frameworks */ = {
			isa = PBXFrameworksBuildPhase;
			buildActionMask = 2147483647;
			files = (
			);
			runOnlyForDeploymentPostprocessing = 0;
		};
/* End PBXFrameworksBuildPhase section */

/* Begin PBXGroup section */
		83E0C2082016B78800DD7BDF = {
			isa = PBXGroup;
			children = (
				83E0C2132016B78800DD7BDF /* SingleResponsibilityPrinciple */,
				83E0C2122016B78800DD7BDF /* Products */,
			);
			sourceTree = "<group>";
		};
		83E0C2122016B78800DD7BDF /* Products */ = {
			isa = PBXGroup;
			children = (
				83E0C2112016B78800DD7BDF /* SingleResponsibilityPrinciple.app */,
			);
			name = Products;
			sourceTree = "<group>";
		};
		83E0C2132016B78800DD7BDF /* SingleResponsibilityPrinciple */ = {
			isa = PBXGroup;
			children = (
				83E0C2142016B78800DD7BDF /* AppDelegate.swift */,
				83E0C2162016B78800DD7BDF /* ViewController.swift */,
				83E0C2182016B78800DD7BDF /* Main.storyboard */,
				83E0C21B2016B78800DD7BDF /* Assets.xcassets */,
				83E0C21D2016B78800DD7BDF /* LaunchScreen.storyboard */,
				83E0C2202016B78800DD7BDF /* Info.plist */,
				83E0C2262016BC3B00DD7BDF /* Game.swift */,
			);
			path = SingleResponsibilityPrinciple;
			sourceTree = "<group>";
		};
/* End PBXGroup section */

/* Begin PBXNativeTarget section */
		83E0C2102016B78800DD7BDF /* SingleResponsibilityPrinciple */ = {
			isa = PBXNativeTarget;
			buildConfigurationList = 83E0C2232016B78800DD7BDF /* Build configuration list for PBXNativeTarget "SingleResponsibilityPrinciple" */;
			buildPhases = (
				83E0C20D2016B78800DD7BDF /* Sources */,
				83E0C20E2016B78800DD7BDF /* Frameworks */,
				83E0C20F2016B78800DD7BDF /* Resources */,
			);
			buildRules = (
			);
			dependencies = (
			);
			name = SingleResponsibilityPrinciple;
			productName = SingleResponsibilityPrinciple;
			productReference = 83E0C2112016B78800DD7BDF /* SingleResponsibilityPrinciple.app */;
			productType = "com.apple.product-type.application";
		};
/* End PBXNativeTarget section */

/* Begin PBXProject section */
		83E0C2092016B78800DD7BDF /* Project object */ = {
			isa = PBXProject;
			attributes = {
				LastSwiftUpdateCheck = 0920;
				LastUpgradeCheck = 0920;
				ORGANIZATIONNAME = Udacity;
				TargetAttributes = {
					83E0C2102016B78800DD7BDF = {
						CreatedOnToolsVersion = 9.2;
						ProvisioningStyle = Automatic;
					};
				};
			};
			buildConfigurationList = 83E0C20C2016B78800DD7BDF /* Build configuration list for PBXProject "SingleResponsibilityPrinciple" */;
			compatibilityVersion = "Xcode 8.0";
			developmentRegion = en;
			hasScannedForEncodings = 0;
			knownRegions = (
				en,
				Base,
			);
			mainGroup = 83E0C2082016B78800DD7BDF;
			productRefGroup = 83E0C2122016B78800DD7BDF /* Products */;
			projectDirPath = "";
			projectRoot = "";
			targets = (
				83E0C2102016B78800DD7BDF /* SingleResponsibilityPrinciple */,
			);
		};
/* End PBXProject section */

/* Begin PBXResourcesBuildPhase section */
		83E0C20F2016B78800DD7BDF /* Resources */ = {
			isa = PBXResourcesBuildPhase;
			buildActionMask = 2147483647;
			files = (
				83E0C21F2016B78800DD7BDF /* LaunchScreen.storyboard in Resources */,
				83E0C21C2016B78800DD7BDF /* Assets.xcassets in Resources */,
				83E0C21A2016B78800DD7BDF /* Main.storyboard in Resources */,
			);
			runOnlyForDeploymentPostprocessing = 0;
		};
/* End PBXResourcesBuildPhase section */

/* Begin PBXSourcesBuildPhase section */
		83E0C20D2016B78800DD7BDF /* Sources */ = {
			isa = PBXSourcesBuildPhase;
			buildActionMask = 2147483647;
			files = (
				83E0C2172016B78800DD7BDF /* ViewController.swift in Sources */,
				83E0C2272016BC3B00DD7BDF /* Game.swift in Sources */,
				83E0C2152016B78800DD7BDF /* AppDelegate.swift in Sources */,
			);
			runOnlyForDeploymentPostprocessing = 0;
		};
/* End PBXSourcesBuildPhase section */

/* Begin PBXVariantGroup section */
		83E0C2182016B78800DD7BDF /* Main.storyboard */ = {
			isa = PBXVariantGroup;
			children = (
				83E0C2192016B78800DD7BDF /* Base */,
			);
			name = Main.storyboard;
			sourceTree = "<group>";
		};
		83E0C21D2016B78800DD7BDF /* LaunchScreen.storyboard */ = {
			isa = PBXVariantGroup;
			children = (
				83E0C21E2016B78800DD7BDF /* Base */,
			);
			name = LaunchScreen.storyboard;
			sourceTree = "<group>";
		};
/* End PBXVariantGroup section */

/* Begin XCBuildConfiguration section */
		83E0C2212016B78800DD7BDF /* Debug */ = {
			isa = XCBuildConfiguration;
			buildSettings = {
				ALWAYS_SEARCH_USER_PATHS = NO;
				CLANG_ANALYZER_NONNULL = YES;
				CLANG_ANALYZER_NUMBER_OBJECT_CONVERSION = YES_AGGRESSIVE;
				CLANG_CXX_LANGUAGE_STANDARD = "gnu++14";
				CLANG_CXX_LIBRARY = "libc++";
				CLANG_ENABLE_MODULES = YES;
				CLANG_ENABLE_OBJC_ARC = YES;
				CLANG_WARN_BLOCK_CAPTURE_AUTORELEASING = YES;
				CLANG_WARN_BOOL_CONVERSION = YES;
				CLANG_WARN_COMMA = YES;
				CLANG_WARN_CONSTANT_CONVERSION = YES;
				CLANG_WARN_DIRECT_OBJC_ISA_USAGE = YES_ERROR;
				CLANG_WARN_DOCUMENTATION_COMMENTS = YES;
				CLANG_WARN_EMPTY_BODY = YES;
				CLANG_WARN_ENUM_CONVERSION = YES;
				CLANG_WARN_INFINITE_RECURSION = YES;
				CLANG_WARN_INT_CONVERSION = YES;
				CLANG_WARN_NON_LITERAL_NULL_CONVERSION = YES;
				CLANG_WARN_OBJC_LITERAL_CONVERSION = YES;
				CLANG_WARN_OBJC_ROOT_CLASS = YES_ERROR;
				CLANG_WARN_RANGE_LOOP_ANALYSIS = YES;
				CLANG_WARN_STRICT_PROTOTYPES = YES;
				CLANG_WARN_SUSPICIOUS_MOVE = YES;
				CLANG_WARN_UNGUARDED_AVAILABILITY = YES_AGGRESSIVE;
				CLANG_WARN_UNREACHABLE_CODE = YES;
				CLANG_WARN__DUPLICATE_METHOD_MATCH = YES;
				CODE_SIGN_IDENTITY = "iPhone Developer";
				COPY_PHASE_STRIP = NO;
				DEBUG_INFORMATION_FORMAT = dwarf;
				ENABLE_STRICT_OBJC_MSGSEND = YES;
				ENABLE_TESTABILITY = YES;
				GCC_C_LANGUAGE_STANDARD = gnu11;
				GCC_DYNAMIC_NO_PIC = NO;
				GCC_NO_COMMON_BLOCKS = YES;
				GCC_OPTIMIZATION_LEVEL = 0;
				GCC_PREPROCESSOR_DEFINITIONS = (
					"DEBUG=1",
					"$(inherited)",
				);
				GCC_WARN_64_TO_32_BIT_CONVERSION = YES;
				GCC_WARN_ABOUT_RETURN_TYPE = YES_ERROR;
				GCC_WARN_UNDECLARED_SELECTOR = YES;
				GCC_WARN_UNINITIALIZED_AUTOS = YES_AGGRESSIVE;
				GCC_WARN_UNUSED_FUNCTION = YES;
				GCC_WARN_UNUSED_VARIABLE = YES;
				IPHONEOS_DEPLOYMENT_TARGET = 11.2;
				MTL_ENABLE_DEBUG_INFO = YES;
				ONLY_ACTIVE_ARCH = YES;
				SDKROOT = iphoneos;
				SWIFT_ACTIVE_COMPILATION_CONDITIONS = DEBUG;
				SWIFT_OPTIMIZATION_LEVEL = "-Onone";
			};
			name = Debug;
		};
		83E0C2222016B78800DD7BDF /* Release */ = {
			isa = XCBuildConfiguration;
			buildSettings = {
				ALWAYS_SEARCH_USER_PATHS = NO;
				CLANG_ANALYZER_NONNULL = YES;
				CLANG_ANALYZER_NUMBER_OBJECT_CONVERSION = YES_AGGRESSIVE;
				CLANG_CXX_LANGUAGE_STANDARD = "gnu++14";
				CLANG_CXX_LIBRARY = "libc++";
				CLANG_ENABLE_MODULES = YES;
				CLANG_ENABLE_OBJC_ARC = YES;
				CLANG_WARN_BLOCK_CAPTURE_AUTORELEASING = YES;
				CLANG_WARN_BOOL_CONVERSION = YES;
				CLANG_WARN_COMMA = YES;
				CLANG_WARN_CONSTANT_CONVERSION = YES;
				CLANG_WARN_DIRECT_OBJC_ISA_USAGE = YES_ERROR;
				CLANG_WARN_DOCUMENTATION_COMMENTS = YES;
				CLANG_WARN_EMPTY_BODY = YES;
				CLANG_WARN_ENUM_CONVERSION = YES;
				CLANG_WARN_INFINITE_RECURSION = YES;
				CLANG_WARN_INT_CONVERSION = YES;
				CLANG_WARN_NON_LITERAL_NULL_CONVERSION = YES;
				CLANG_WARN_OBJC_LITERAL_CONVERSION = YES;
				CLANG_WARN_OBJC_ROOT_CLASS = YES_ERROR;
				CLANG_WARN_RANGE_LOOP_ANALYSIS = YES;
				CLANG_WARN_STRICT_PROTOTYPES = YES;
				CLANG_WARN_SUSPICIOUS_MOVE = YES;
				CLANG_WARN_UNGUARDED_AVAILABILITY = YES_AGGRESSIVE;
				CLANG_WARN_UNREACHABLE_CODE = YES;
				CLANG_WARN__DUPLICATE_METHOD_MATCH = YES;
				CODE_SIGN_IDENTITY = "iPhone Developer";
				COPY_PHASE_STRIP = NO;
				DEBUG_INFORMATION_FORMAT = "dwarf-with-dsym";
				ENABLE_NS_ASSERTIONS = NO;
				ENABLE_STRICT_OBJC_MSGSEND = YES;
				GCC_C_LANGUAGE_STANDARD = gnu11;
				GCC_NO_COMMON_BLOCKS = YES;
				GCC_WARN_64_TO_32_BIT_CONVERSION = YES;
				GCC_WARN_ABOUT_RETURN_TYPE = YES_ERROR;
				GCC_WARN_UNDECLARED_SELECTOR = YES;
				GCC_WARN_UNINITIALIZED_AUTOS = YES_AGGRESSIVE;
				GCC_WARN_UNUSED_FUNCTION = YES;
				GCC_WARN_UNUSED_VARIABLE = YES;
				IPHONEOS_DEPLOYMENT_TARGET = 11.2;
				MTL_ENABLE_DEBUG_INFO = NO;
				SDKROOT = iphoneos;
				SWIFT_OPTIMIZATION_LEVEL = "-Owholemodule";
				VALIDATE_PRODUCT = YES;
			};
			name = Release;
		};
		83E0C2242016B78800DD7BDF /* Debug */ = {
			isa = XCBuildConfiguration;
			buildSettings = {
				ASSETCATALOG_COMPILER_APPICON_NAME = AppIcon;
				CODE_SIGN_STYLE = Automatic;
				DEVELOPMENT_TEAM = 3K82E7YE87;
				INFOPLIST_FILE = SingleResponsibilityPrinciple/Info.plist;
				LD_RUNPATH_SEARCH_PATHS = "$(inherited) @executable_path/Frameworks";
				PRODUCT_BUNDLE_IDENTIFIER = udacity.SingleResponsibilityPrinciple;
				PRODUCT_NAME = "$(TARGET_NAME)";
				SWIFT_VERSION = 4.0;
				TARGETED_DEVICE_FAMILY = "1,2";
			};
			name = Debug;
		};
		83E0C2252016B78800DD7BDF /* Release */ = {
			isa = XCBuildConfiguration;
			buildSettings = {
				ASSETCATALOG_COMPILER_APPICON_NAME = AppIcon;
				CODE_SIGN_STYLE = Automatic;
				DEVELOPMENT_TEAM = 3K82E7YE87;
				INFOPLIST_FILE = SingleResponsibilityPrinciple/Info.plist;
				LD_RUNPATH_SEARCH_PATHS = "$(inherited) @executable_path/Frameworks";
				PRODUCT_BUNDLE_IDENTIFIER = udacity.SingleResponsibilityPrinciple;
				PRODUCT_NAME = "$(TARGET_NAME)";
				SWIFT_VERSION = 4.0;
				TARGETED_DEVICE_FAMILY = "1,2";
			};
			name = Release;
		};
/* End XCBuildConfiguration section */

/* Begin XCConfigurationList section */
		83E0C20C2016B78800DD7BDF /* Build configuration list for PBXProject "SingleResponsibilityPrinciple" */ = {
			isa = XCConfigurationList;
			buildConfigurations = (
				83E0C2212016B78800DD7BDF /* Debug */,
				83E0C2222016B78800DD7BDF /* Release */,
			);
			defaultConfigurationIsVisible = 0;
			defaultConfigurationName = Release;
		};
		83E0C2232016B78800DD7BDF /* Build configuration list for PBXNativeTarget "SingleResponsibilityPrinciple" */ = {
			isa = XCConfigurationList;
			buildConfigurations = (
				83E0C2242016B78800DD7BDF /* Debug */,
				83E0C2252016B78800DD7BDF /* Release */,
			);
			defaultConfigurationIsVisible = 0;
			defaultConfigurationName = Release;
		};
/* End XCConfigurationList section */
	};
	rootObject = 83E0C2092016B78800DD7BDF /* Project object */;
}
